// !$*UTF8*$!
{
	archiveVersion = 1;
	classes = {
	};
	objectVersion = 56;
	objects = {

/* Begin PBXBuildFile section */
		1FC174432A6CBC9000433101 /* CountdownViewController.swift in Sources */ = {isa = PBXBuildFile; fileRef = 1FC174422A6CBC9000433101 /* CountdownViewController.swift */; };
		1FD352352A67780C007FFE6C /* AlarmCell.swift in Sources */ = {isa = PBXBuildFile; fileRef = 1FD352332A67780C007FFE6C /* AlarmCell.swift */; };
		1FD352362A67780C007FFE6C /* AlarmCell.xib in Resources */ = {isa = PBXBuildFile; fileRef = 1FD352342A67780C007FFE6C /* AlarmCell.xib */; };
		1FEB936A2A68D8C600897ECA /* Alarm.swift in Sources */ = {isa = PBXBuildFile; fileRef = 1FEB93692A68D8C600897ECA /* Alarm.swift */; };
		1FFE4C0D2A147F9B00129966 /* AppDelegate.swift in Sources */ = {isa = PBXBuildFile; fileRef = 1FFE4C0C2A147F9B00129966 /* AppDelegate.swift */; };
		1FFE4C0F2A147F9B00129966 /* SceneDelegate.swift in Sources */ = {isa = PBXBuildFile; fileRef = 1FFE4C0E2A147F9B00129966 /* SceneDelegate.swift */; };
		1FFE4C112A147F9B00129966 /* MainAlarmsViewController.swift in Sources */ = {isa = PBXBuildFile; fileRef = 1FFE4C102A147F9B00129966 /* MainAlarmsViewController.swift */; };
		1FFE4C142A147F9B00129966 /* Main.storyboard in Resources */ = {isa = PBXBuildFile; fileRef = 1FFE4C122A147F9B00129966 /* Main.storyboard */; };
		1FFE4C162A147F9C00129966 /* Assets.xcassets in Resources */ = {isa = PBXBuildFile; fileRef = 1FFE4C152A147F9C00129966 /* Assets.xcassets */; };
		1FFE4C192A147F9C00129966 /* LaunchScreen.storyboard in Resources */ = {isa = PBXBuildFile; fileRef = 1FFE4C172A147F9C00129966 /* LaunchScreen.storyboard */; };
		1FFE4C212A14931E00129966 /* NewAlarmViewController.swift in Sources */ = {isa = PBXBuildFile; fileRef = 1FFE4C202A14931E00129966 /* NewAlarmViewController.swift */; };
		A491ABF58B50E4011AA24269 /* Pods_SmartFitnessTimer.framework in Frameworks */ = {isa = PBXBuildFile; fileRef = 5638E0CD9E3024897471F396 /* Pods_SmartFitnessTimer.framework */; };
/* End PBXBuildFile section */

/* Begin PBXFileReference section */
		1FC174422A6CBC9000433101 /* CountdownViewController.swift */ = {isa = PBXFileReference; lastKnownFileType = sourcecode.swift; path = CountdownViewController.swift; sourceTree = "<group>"; };
		1FD352332A67780C007FFE6C /* AlarmCell.swift */ = {isa = PBXFileReference; lastKnownFileType = sourcecode.swift; path = AlarmCell.swift; sourceTree = "<group>"; };
		1FD352342A67780C007FFE6C /* AlarmCell.xib */ = {isa = PBXFileReference; lastKnownFileType = file.xib; path = AlarmCell.xib; sourceTree = "<group>"; };
		1FEB93692A68D8C600897ECA /* Alarm.swift */ = {isa = PBXFileReference; lastKnownFileType = sourcecode.swift; path = Alarm.swift; sourceTree = "<group>"; };
		1FFE4C092A147F9B00129966 /* SmartFitnessTimer.app */ = {isa = PBXFileReference; explicitFileType = wrapper.application; includeInIndex = 0; path = SmartFitnessTimer.app; sourceTree = BUILT_PRODUCTS_DIR; };
		1FFE4C0C2A147F9B00129966 /* AppDelegate.swift */ = {isa = PBXFileReference; lastKnownFileType = sourcecode.swift; path = AppDelegate.swift; sourceTree = "<group>"; };
		1FFE4C0E2A147F9B00129966 /* SceneDelegate.swift */ = {isa = PBXFileReference; lastKnownFileType = sourcecode.swift; path = SceneDelegate.swift; sourceTree = "<group>"; };
		1FFE4C102A147F9B00129966 /* MainAlarmsViewController.swift */ = {isa = PBXFileReference; lastKnownFileType = sourcecode.swift; path = MainAlarmsViewController.swift; sourceTree = "<group>"; };
		1FFE4C132A147F9B00129966 /* Base */ = {isa = PBXFileReference; lastKnownFileType = file.storyboard; name = Base; path = Base.lproj/Main.storyboard; sourceTree = "<group>"; };
		1FFE4C152A147F9C00129966 /* Assets.xcassets */ = {isa = PBXFileReference; lastKnownFileType = folder.assetcatalog; path = Assets.xcassets; sourceTree = "<group>"; };
		1FFE4C182A147F9C00129966 /* Base */ = {isa = PBXFileReference; lastKnownFileType = file.storyboard; name = Base; path = Base.lproj/LaunchScreen.storyboard; sourceTree = "<group>"; };
		1FFE4C1A2A147F9C00129966 /* Info.plist */ = {isa = PBXFileReference; lastKnownFileType = text.plist.xml; path = Info.plist; sourceTree = "<group>"; };
		1FFE4C202A14931E00129966 /* NewAlarmViewController.swift */ = {isa = PBXFileReference; lastKnownFileType = sourcecode.swift; path = NewAlarmViewController.swift; sourceTree = "<group>"; };
		342B0289DC420477DCE13E47 /* Pods-SmartFitnessTimer.release.xcconfig */ = {isa = PBXFileReference; includeInIndex = 1; lastKnownFileType = text.xcconfig; name = "Pods-SmartFitnessTimer.release.xcconfig"; path = "Target Support Files/Pods-SmartFitnessTimer/Pods-SmartFitnessTimer.release.xcconfig"; sourceTree = "<group>"; };
		5638E0CD9E3024897471F396 /* Pods_SmartFitnessTimer.framework */ = {isa = PBXFileReference; explicitFileType = wrapper.framework; includeInIndex = 0; path = Pods_SmartFitnessTimer.framework; sourceTree = BUILT_PRODUCTS_DIR; };
		6DE6DECE5537869965F92E6F /* Pods-SmartFitnessTimer.debug.xcconfig */ = {isa = PBXFileReference; includeInIndex = 1; lastKnownFileType = text.xcconfig; name = "Pods-SmartFitnessTimer.debug.xcconfig"; path = "Target Support Files/Pods-SmartFitnessTimer/Pods-SmartFitnessTimer.debug.xcconfig"; sourceTree = "<group>"; };
/* End PBXFileReference section */

/* Begin PBXFrameworksBuildPhase section */
		1FFE4C062A147F9B00129966 /* Frameworks */ = {
			isa = PBXFrameworksBuildPhase;
			buildActionMask = 2147483647;
			files = (
				A491ABF58B50E4011AA24269 /* Pods_SmartFitnessTimer.framework in Frameworks */,
			);
			runOnlyForDeploymentPostprocessing = 0;
		};
/* End PBXFrameworksBuildPhase section */

/* Begin PBXGroup section */
		1FFE4C002A147F9B00129966 = {
			isa = PBXGroup;
			children = (
				1FFE4C0B2A147F9B00129966 /* SmartFitnessTimer */,
				1FFE4C0A2A147F9B00129966 /* Products */,
				E849301BD722BD3657EC29E7 /* Pods */,
				D79472EAAB2553642BE8A924 /* Frameworks */,
			);
			sourceTree = "<group>";
		};
		1FFE4C0A2A147F9B00129966 /* Products */ = {
			isa = PBXGroup;
			children = (
				1FFE4C092A147F9B00129966 /* SmartFitnessTimer.app */,
			);
			name = Products;
			sourceTree = "<group>";
		};
		1FFE4C0B2A147F9B00129966 /* SmartFitnessTimer */ = {
			isa = PBXGroup;
			children = (
				1FFE4C0C2A147F9B00129966 /* AppDelegate.swift */,
				1FFE4C0E2A147F9B00129966 /* SceneDelegate.swift */,
				1FFE4C102A147F9B00129966 /* MainAlarmsViewController.swift */,
				1FFE4C202A14931E00129966 /* NewAlarmViewController.swift */,
				1FFE4C122A147F9B00129966 /* Main.storyboard */,
				1FFE4C152A147F9C00129966 /* Assets.xcassets */,
				1FFE4C172A147F9C00129966 /* LaunchScreen.storyboard */,
				1FFE4C1A2A147F9C00129966 /* Info.plist */,
				1FD352332A67780C007FFE6C /* AlarmCell.swift */,
				1FD352342A67780C007FFE6C /* AlarmCell.xib */,
				1FEB93692A68D8C600897ECA /* Alarm.swift */,
				1FC174422A6CBC9000433101 /* CountdownViewController.swift */,
			);
			path = SmartFitnessTimer;
			sourceTree = "<group>";
		};
		D79472EAAB2553642BE8A924 /* Frameworks */ = {
			isa = PBXGroup;
			children = (
				5638E0CD9E3024897471F396 /* Pods_SmartFitnessTimer.framework */,
			);
			name = Frameworks;
			sourceTree = "<group>";
		};
		E849301BD722BD3657EC29E7 /* Pods */ = {
			isa = PBXGroup;
			children = (
				6DE6DECE5537869965F92E6F /* Pods-SmartFitnessTimer.debug.xcconfig */,
				342B0289DC420477DCE13E47 /* Pods-SmartFitnessTimer.release.xcconfig */,
			);
			path = Pods;
			sourceTree = "<group>";
		};
/* End PBXGroup section */

/* Begin PBXNativeTarget section */
		1FFE4C082A147F9B00129966 /* SmartFitnessTimer */ = {
			isa = PBXNativeTarget;
			buildConfigurationList = 1FFE4C1D2A147F9C00129966 /* Build configuration list for PBXNativeTarget "SmartFitnessTimer" */;
			buildPhases = (
				2D89D83B2680ACF287B9C3AB /* [CP] Check Pods Manifest.lock */,
				1FFE4C052A147F9B00129966 /* Sources */,
				1FFE4C062A147F9B00129966 /* Frameworks */,
				1FFE4C072A147F9B00129966 /* Resources */,
				845E526FC67DDB80AEEE3283 /* [CP] Embed Pods Frameworks */,
			);
			buildRules = (
			);
			dependencies = (
			);
			name = SmartFitnessTimer;
			productName = SmartFitnessTimer;
			productReference = 1FFE4C092A147F9B00129966 /* SmartFitnessTimer.app */;
			productType = "com.apple.product-type.application";
		};
/* End PBXNativeTarget section */

/* Begin PBXProject section */
		1FFE4C012A147F9B00129966 /* Project object */ = {
			isa = PBXProject;
			attributes = {
				BuildIndependentTargetsInParallel = 1;
				LastSwiftUpdateCheck = 1430;
				LastUpgradeCheck = 1430;
				TargetAttributes = {
					1FFE4C082A147F9B00129966 = {
						CreatedOnToolsVersion = 14.3;
					};
				};
			};
			buildConfigurationList = 1FFE4C042A147F9B00129966 /* Build configuration list for PBXProject "SmartFitnessTimer" */;
			compatibilityVersion = "Xcode 14.0";
			developmentRegion = en;
			hasScannedForEncodings = 0;
			knownRegions = (
				en,
				Base,
			);
			mainGroup = 1FFE4C002A147F9B00129966;
			productRefGroup = 1FFE4C0A2A147F9B00129966 /* Products */;
			projectDirPath = "";
			projectRoot = "";
			targets = (
				1FFE4C082A147F9B00129966 /* SmartFitnessTimer */,
			);
		};
/* End PBXProject section */

/* Begin PBXResourcesBuildPhase section */
		1FFE4C072A147F9B00129966 /* Resources */ = {
			isa = PBXResourcesBuildPhase;
			buildActionMask = 2147483647;
			files = (
				1FFE4C192A147F9C00129966 /* LaunchScreen.storyboard in Resources */,
				1FFE4C162A147F9C00129966 /* Assets.xcassets in Resources */,
				1FFE4C142A147F9B00129966 /* Main.storyboard in Resources */,
				1FD352362A67780C007FFE6C /* AlarmCell.xib in Resources */,
			);
			runOnlyForDeploymentPostprocessing = 0;
		};
/* End PBXResourcesBuildPhase section */

/* Begin PBXShellScriptBuildPhase section */
		2D89D83B2680ACF287B9C3AB /* [CP] Check Pods Manifest.lock */ = {
			isa = PBXShellScriptBuildPhase;
			buildActionMask = 2147483647;
			files = (
			);
			inputFileListPaths = (
			);
			inputPaths = (
				"${PODS_PODFILE_DIR_PATH}/Podfile.lock",
				"${PODS_ROOT}/Manifest.lock",
			);
			name = "[CP] Check Pods Manifest.lock";
			outputFileListPaths = (
			);
			outputPaths = (
				"$(DERIVED_FILE_DIR)/Pods-SmartFitnessTimer-checkManifestLockResult.txt",
			);
			runOnlyForDeploymentPostprocessing = 0;
			shellPath = /bin/sh;
			shellScript = "diff \"${PODS_PODFILE_DIR_PATH}/Podfile.lock\" \"${PODS_ROOT}/Manifest.lock\" > /dev/null\nif [ $? != 0 ] ; then\n    # print error to STDERR\n    echo \"error: The sandbox is not in sync with the Podfile.lock. Run 'pod install' or update your CocoaPods installation.\" >&2\n    exit 1\nfi\n# This output is used by Xcode 'outputs' to avoid re-running this script phase.\necho \"SUCCESS\" > \"${SCRIPT_OUTPUT_FILE_0}\"\n";
			showEnvVarsInLog = 0;
		};
		845E526FC67DDB80AEEE3283 /* [CP] Embed Pods Frameworks */ = {
			isa = PBXShellScriptBuildPhase;
			buildActionMask = 2147483647;
			files = (
			);
			inputFileListPaths = (
				"${PODS_ROOT}/Target Support Files/Pods-SmartFitnessTimer/Pods-SmartFitnessTimer-frameworks-${CONFIGURATION}-input-files.xcfilelist",
			);
			name = "[CP] Embed Pods Frameworks";
			outputFileListPaths = (
				"${PODS_ROOT}/Target Support Files/Pods-SmartFitnessTimer/Pods-SmartFitnessTimer-frameworks-${CONFIGURATION}-output-files.xcfilelist",
			);
			runOnlyForDeploymentPostprocessing = 0;
			shellPath = /bin/sh;
			shellScript = "\"${PODS_ROOT}/Target Support Files/Pods-SmartFitnessTimer/Pods-SmartFitnessTimer-frameworks.sh\"\n";
			showEnvVarsInLog = 0;
		};
/* End PBXShellScriptBuildPhase section */

/* Begin PBXSourcesBuildPhase section */
		1FFE4C052A147F9B00129966 /* Sources */ = {
			isa = PBXSourcesBuildPhase;
			buildActionMask = 2147483647;
			files = (
				1FC174432A6CBC9000433101 /* CountdownViewController.swift in Sources */,
				1FD352352A67780C007FFE6C /* AlarmCell.swift in Sources */,
				1FFE4C112A147F9B00129966 /* MainAlarmsViewController.swift in Sources */,
				1FFE4C212A14931E00129966 /* NewAlarmViewController.swift in Sources */,
				1FFE4C0D2A147F9B00129966 /* AppDelegate.swift in Sources */,
				1FFE4C0F2A147F9B00129966 /* SceneDelegate.swift in Sources */,
				1FEB936A2A68D8C600897ECA /* Alarm.swift in Sources */,
			);
			runOnlyForDeploymentPostprocessing = 0;
		};
/* End PBXSourcesBuildPhase section */

/* Begin PBXVariantGroup section */
		1FFE4C122A147F9B00129966 /* Main.storyboard */ = {
			isa = PBXVariantGroup;
			children = (
				1FFE4C132A147F9B00129966 /* Base */,
			);
			name = Main.storyboard;
			sourceTree = "<group>";
		};
		1FFE4C172A147F9C00129966 /* LaunchScreen.storyboard */ = {
			isa = PBXVariantGroup;
			children = (
				1FFE4C182A147F9C00129966 /* Base */,
			);
			name = LaunchScreen.storyboard;
			sourceTree = "<group>";
		};
/* End PBXVariantGroup section */

/* Begin XCBuildConfiguration section */
		1FFE4C1B2A147F9C00129966 /* Debug */ = {
			isa = XCBuildConfiguration;
			buildSettings = {
				ALWAYS_SEARCH_USER_PATHS = NO;
				CLANG_ANALYZER_NONNULL = YES;
				CLANG_ANALYZER_NUMBER_OBJECT_CONVERSION = YES_AGGRESSIVE;
				CLANG_CXX_LANGUAGE_STANDARD = "gnu++20";
				CLANG_ENABLE_MODULES = YES;
				CLANG_ENABLE_OBJC_ARC = YES;
				CLANG_ENABLE_OBJC_WEAK = YES;
				CLANG_WARN_BLOCK_CAPTURE_AUTORELEASING = YES;
				CLANG_WARN_BOOL_CONVERSION = YES;
				CLANG_WARN_COMMA = YES;
				CLANG_WARN_CONSTANT_CONVERSION = YES;
				CLANG_WARN_DEPRECATED_OBJC_IMPLEMENTATIONS = YES;
				CLANG_WARN_DIRECT_OBJC_ISA_USAGE = YES_ERROR;
				CLANG_WARN_DOCUMENTATION_COMMENTS = YES;
				CLANG_WARN_EMPTY_BODY = YES;
				CLANG_WARN_ENUM_CONVERSION = YES;
				CLANG_WARN_INFINITE_RECURSION = YES;
				CLANG_WARN_INT_CONVERSION = YES;
				CLANG_WARN_NON_LITERAL_NULL_CONVERSION = YES;
				CLANG_WARN_OBJC_IMPLICIT_RETAIN_SELF = YES;
				CLANG_WARN_OBJC_LITERAL_CONVERSION = YES;
				CLANG_WARN_OBJC_ROOT_CLASS = YES_ERROR;
				CLANG_WARN_QUOTED_INCLUDE_IN_FRAMEWORK_HEADER = YES;
				CLANG_WARN_RANGE_LOOP_ANALYSIS = YES;
				CLANG_WARN_STRICT_PROTOTYPES = YES;
				CLANG_WARN_SUSPICIOUS_MOVE = YES;
				CLANG_WARN_UNGUARDED_AVAILABILITY = YES_AGGRESSIVE;
				CLANG_WARN_UNREACHABLE_CODE = YES;
				CLANG_WARN__DUPLICATE_METHOD_MATCH = YES;
				COPY_PHASE_STRIP = NO;
				DEBUG_INFORMATION_FORMAT = dwarf;
				ENABLE_STRICT_OBJC_MSGSEND = YES;
				ENABLE_TESTABILITY = YES;
				GCC_C_LANGUAGE_STANDARD = gnu11;
				GCC_DYNAMIC_NO_PIC = NO;
				GCC_NO_COMMON_BLOCKS = YES;
				GCC_OPTIMIZATION_LEVEL = 0;
				GCC_PREPROCESSOR_DEFINITIONS = (
					"DEBUG=1",
					"$(inherited)",
				);
				GCC_WARN_64_TO_32_BIT_CONVERSION = YES;
				GCC_WARN_ABOUT_RETURN_TYPE = YES_ERROR;
				GCC_WARN_UNDECLARED_SELECTOR = YES;
				GCC_WARN_UNINITIALIZED_AUTOS = YES_AGGRESSIVE;
				GCC_WARN_UNUSED_FUNCTION = YES;
				GCC_WARN_UNUSED_VARIABLE = YES;
				IPHONEOS_DEPLOYMENT_TARGET = 16.4;
				MTL_ENABLE_DEBUG_INFO = INCLUDE_SOURCE;
				MTL_FAST_MATH = YES;
				ONLY_ACTIVE_ARCH = YES;
				SDKROOT = iphoneos;
				SWIFT_ACTIVE_COMPILATION_CONDITIONS = DEBUG;
				SWIFT_OPTIMIZATION_LEVEL = "-Onone";
			};
			name = Debug;
		};
		1FFE4C1C2A147F9C00129966 /* Release */ = {
			isa = XCBuildConfiguration;
			buildSettings = {
				ALWAYS_SEARCH_USER_PATHS = NO;
				CLANG_ANALYZER_NONNULL = YES;
				CLANG_ANALYZER_NUMBER_OBJECT_CONVERSION = YES_AGGRESSIVE;
				CLANG_CXX_LANGUAGE_STANDARD = "gnu++20";
				CLANG_ENABLE_MODULES = YES;
				CLANG_ENABLE_OBJC_ARC = YES;
				CLANG_ENABLE_OBJC_WEAK = YES;
				CLANG_WARN_BLOCK_CAPTURE_AUTORELEASING = YES;
				CLANG_WARN_BOOL_CONVERSION = YES;
				CLANG_WARN_COMMA = YES;
				CLANG_WARN_CONSTANT_CONVERSION = YES;
				CLANG_WARN_DEPRECATED_OBJC_IMPLEMENTATIONS = YES;
				CLANG_WARN_DIRECT_OBJC_ISA_USAGE = YES_ERROR;
				CLANG_WARN_DOCUMENTATION_COMMENTS = YES;
				CLANG_WARN_EMPTY_BODY = YES;
				CLANG_WARN_ENUM_CONVERSION = YES;
				CLANG_WARN_INFINITE_RECURSION = YES;
				CLANG_WARN_INT_CONVERSION = YES;
				CLANG_WARN_NON_LITERAL_NULL_CONVERSION = YES;
				CLANG_WARN_OBJC_IMPLICIT_RETAIN_SELF = YES;
				CLANG_WARN_OBJC_LITERAL_CONVERSION = YES;
				CLANG_WARN_OBJC_ROOT_CLASS = YES_ERROR;
				CLANG_WARN_QUOTED_INCLUDE_IN_FRAMEWORK_HEADER = YES;
				CLANG_WARN_RANGE_LOOP_ANALYSIS = YES;
				CLANG_WARN_STRICT_PROTOTYPES = YES;
				CLANG_WARN_SUSPICIOUS_MOVE = YES;
				CLANG_WARN_UNGUARDED_AVAILABILITY = YES_AGGRESSIVE;
				CLANG_WARN_UNREACHABLE_CODE = YES;
				CLANG_WARN__DUPLICATE_METHOD_MATCH = YES;
				COPY_PHASE_STRIP = NO;
				DEBUG_INFORMATION_FORMAT = "dwarf-with-dsym";
				ENABLE_NS_ASSERTIONS = NO;
				ENABLE_STRICT_OBJC_MSGSEND = YES;
				GCC_C_LANGUAGE_STANDARD = gnu11;
				GCC_NO_COMMON_BLOCKS = YES;
				GCC_WARN_64_TO_32_BIT_CONVERSION = YES;
				GCC_WARN_ABOUT_RETURN_TYPE = YES_ERROR;
				GCC_WARN_UNDECLARED_SELECTOR = YES;
				GCC_WARN_UNINITIALIZED_AUTOS = YES_AGGRESSIVE;
				GCC_WARN_UNUSED_FUNCTION = YES;
				GCC_WARN_UNUSED_VARIABLE = YES;
				IPHONEOS_DEPLOYMENT_TARGET = 16.4;
				MTL_ENABLE_DEBUG_INFO = NO;
				MTL_FAST_MATH = YES;
				SDKROOT = iphoneos;
				SWIFT_COMPILATION_MODE = wholemodule;
				SWIFT_OPTIMIZATION_LEVEL = "-O";
				VALIDATE_PRODUCT = YES;
			};
			name = Release;
		};
		1FFE4C1E2A147F9C00129966 /* Debug */ = {
			isa = XCBuildConfiguration;
			baseConfigurationReference = 6DE6DECE5537869965F92E6F /* Pods-SmartFitnessTimer.debug.xcconfig */;
			buildSettings = {
				ASSETCATALOG_COMPILER_APPICON_NAME = AppIcon;
				ASSETCATALOG_COMPILER_GLOBAL_ACCENT_COLOR_NAME = AccentColor;
				CODE_SIGN_STYLE = Automatic;
				CURRENT_PROJECT_VERSION = 1;
				GENERATE_INFOPLIST_FILE = YES;
				INFOPLIST_FILE = SmartFitnessTimer/Info.plist;
				INFOPLIST_KEY_UIApplicationSupportsIndirectInputEvents = YES;
				INFOPLIST_KEY_UILaunchStoryboardName = LaunchScreen;
				INFOPLIST_KEY_UIMainStoryboardFile = Main;
				INFOPLIST_KEY_UISupportedInterfaceOrientations_iPad = "UIInterfaceOrientationPortrait UIInterfaceOrientationPortraitUpsideDown UIInterfaceOrientationLandscapeLeft UIInterfaceOrientationLandscapeRight";
				INFOPLIST_KEY_UISupportedInterfaceOrientations_iPhone = "UIInterfaceOrientationPortrait UIInterfaceOrientationLandscapeLeft UIInterfaceOrientationLandscapeRight";
				LD_RUNPATH_SEARCH_PATHS = (
					"$(inherited)",
					"@executable_path/Frameworks",
				);
				MARKETING_VERSION = 1.0;
				PRODUCT_BUNDLE_IDENTIFIER = com.petermin.SmartFitnessTimer;
				PRODUCT_NAME = "$(TARGET_NAME)";
				SWIFT_EMIT_LOC_STRINGS = YES;
				SWIFT_VERSION = 5.0;
				TARGETED_DEVICE_FAMILY = "1,2";
			};
			name = Debug;
		};
		1FFE4C1F2A147F9C00129966 /* Release */ = {
			isa = XCBuildConfiguration;
			baseConfigurationReference = 342B0289DC420477DCE13E47 /* Pods-SmartFitnessTimer.release.xcconfig */;
			buildSettings = {
				ASSETCATALOG_COMPILER_APPICON_NAME = AppIcon;
				ASSETCATALOG_COMPILER_GLOBAL_ACCENT_COLOR_NAME = AccentColor;
				CODE_SIGN_STYLE = Automatic;
				CURRENT_PROJECT_VERSION = 1;
				GENERATE_INFOPLIST_FILE = YES;
				INFOPLIST_FILE = SmartFitnessTimer/Info.plist;
				INFOPLIST_KEY_UIApplicationSupportsIndirectInputEvents = YES;
				INFOPLIST_KEY_UILaunchStoryboardName = LaunchScreen;
				INFOPLIST_KEY_UIMainStoryboardFile = Main;
				INFOPLIST_KEY_UISupportedInterfaceOrientations_iPad = "UIInterfaceOrientationPortrait UIInterfaceOrientationPortraitUpsideDown UIInterfaceOrientationLandscapeLeft UIInterfaceOrientationLandscapeRight";
				INFOPLIST_KEY_UISupportedInterfaceOrientations_iPhone = "UIInterfaceOrientationPortrait UIInterfaceOrientationLandscapeLeft UIInterfaceOrientationLandscapeRight";
				LD_RUNPATH_SEARCH_PATHS = (
					"$(inherited)",
					"@executable_path/Frameworks",
				);
				MARKETING_VERSION = 1.0;
				PRODUCT_BUNDLE_IDENTIFIER = com.petermin.SmartFitnessTimer;
				PRODUCT_NAME = "$(TARGET_NAME)";
				SWIFT_EMIT_LOC_STRINGS = YES;
				SWIFT_VERSION = 5.0;
				TARGETED_DEVICE_FAMILY = "1,2";
			};
			name = Release;
		};
/* End XCBuildConfiguration section */

/* Begin XCConfigurationList section */
		1FFE4C042A147F9B00129966 /* Build configuration list for PBXProject "SmartFitnessTimer" */ = {
			isa = XCConfigurationList;
			buildConfigurations = (
				1FFE4C1B2A147F9C00129966 /* Debug */,
				1FFE4C1C2A147F9C00129966 /* Release */,
			);
			defaultConfigurationIsVisible = 0;
			defaultConfigurationName = Release;
		};
		1FFE4C1D2A147F9C00129966 /* Build configuration list for PBXNativeTarget "SmartFitnessTimer" */ = {
			isa = XCConfigurationList;
			buildConfigurations = (
				1FFE4C1E2A147F9C00129966 /* Debug */,
				1FFE4C1F2A147F9C00129966 /* Release */,
			);
			defaultConfigurationIsVisible = 0;
			defaultConfigurationName = Release;
		};
/* End XCConfigurationList section */
	};
	rootObject = 1FFE4C012A147F9B00129966 /* Project object */;
}
